
Microsoft Visual Studio Solution File, Format Version 12.00
# Visual Studio Version 17
VisualStudioVersion = 17.0.32112.339
MinimumVisualStudioVersion = 10.0.40219.1
Project("{FAE04EC0-301F-11D3-BF4B-00C04F79EFBC}") = "TriviaGame", "TriviaGame.csproj", "{50CCFFFA-553D-4C01-BD78-61E0D74A7748}"
EndProject
Global
	GlobalSection(SolutionConfigurationPlatforms) = preSolution
		Debug|Any CPU = Debug|Any CPU
		Release|Any CPU = Release|Any CPU
	EndGlobalSection
	GlobalSection(ProjectConfigurationPlatforms) = postSolution
		{50CCFFFA-553D-4C01-BD78-61E0D74A7748}.Debug|Any CPU.ActiveCfg = Debug|Any CPU
		{50CCFFFA-553D-4C01-BD78-61E0D74A7748}.Debug|Any CPU.Build.0 = Debug|Any CPU
		{50CCFFFA-553D-4C01-BD78-61E0D74A7748}.Release|Any CPU.ActiveCfg = Release|Any CPU
		{50CCFFFA-553D-4C01-BD78-61E0D74A7748}.Release|Any CPU.Build.0 = Release|Any CPU
	EndGlobalSection
	GlobalSection(SolutionProperties) = preSolution
		HideSolutionNode = FALSE
	EndGlobalSection
	GlobalSection(ExtensibilityGlobals) = postSolution
		SolutionGuid = {06B97225-ADD0-423B-9714-DF0EEC35061A}
	EndGlobalSection
EndGlobal
